// !$*UTF8*$!
{
	archiveVersion = 1;
	classes = {
	};
	objectVersion = 50;
	objects = {

/* Begin PBXBuildFile section */
		897AEB9320C858D300D70E55 /* AppDelegate.swift in Sources */ = {isa = PBXBuildFile; fileRef = 897AEB9220C858D300D70E55 /* AppDelegate.swift */; };
		897AEB9520C858D300D70E55 /* art.scnassets in Resources */ = {isa = PBXBuildFile; fileRef = 897AEB9420C858D300D70E55 /* art.scnassets */; };
		897AEB9720C858D300D70E55 /* ViewController.swift in Sources */ = {isa = PBXBuildFile; fileRef = 897AEB9620C858D300D70E55 /* ViewController.swift */; };
		897AEB9A20C858D300D70E55 /* Main.storyboard in Resources */ = {isa = PBXBuildFile; fileRef = 897AEB9820C858D300D70E55 /* Main.storyboard */; };
		897AEB9C20C858D500D70E55 /* Assets.xcassets in Resources */ = {isa = PBXBuildFile; fileRef = 897AEB9B20C858D500D70E55 /* Assets.xcassets */; };
		897AEB9F20C858D500D70E55 /* LaunchScreen.storyboard in Resources */ = {isa = PBXBuildFile; fileRef = 897AEB9D20C858D500D70E55 /* LaunchScreen.storyboard */; };
/* End PBXBuildFile section */

/* Begin PBXFileReference section */
		897AEB8F20C858D300D70E55 /* Demo-SCNNodeAnimation.app */ = {isa = PBXFileReference; explicitFileType = wrapper.application; includeInIndex = 0; path = "Demo-SCNNodeAnimation.app"; sourceTree = BUILT_PRODUCTS_DIR; };
		897AEB9220C858D300D70E55 /* AppDelegate.swift */ = {isa = PBXFileReference; lastKnownFileType = sourcecode.swift; path = AppDelegate.swift; sourceTree = "<group>"; };
		897AEB9420C858D300D70E55 /* art.scnassets */ = {isa = PBXFileReference; lastKnownFileType = wrapper.scnassets; path = art.scnassets; sourceTree = "<group>"; };
		897AEB9620C858D300D70E55 /* ViewController.swift */ = {isa = PBXFileReference; lastKnownFileType = sourcecode.swift; path = ViewController.swift; sourceTree = "<group>"; };
		897AEB9920C858D300D70E55 /* Base */ = {isa = PBXFileReference; lastKnownFileType = file.storyboard; name = Base; path = Base.lproj/Main.storyboard; sourceTree = "<group>"; };
		897AEB9B20C858D500D70E55 /* Assets.xcassets */ = {isa = PBXFileReference; lastKnownFileType = folder.assetcatalog; path = Assets.xcassets; sourceTree = "<group>"; };
		897AEB9E20C858D500D70E55 /* Base */ = {isa = PBXFileReference; lastKnownFileType = file.storyboard; name = Base; path = Base.lproj/LaunchScreen.storyboard; sourceTree = "<group>"; };
		897AEBA020C858D500D70E55 /* Info.plist */ = {isa = PBXFileReference; lastKnownFileType = text.plist.xml; path = Info.plist; sourceTree = "<group>"; };
/* End PBXFileReference section */

/* Begin PBXFrameworksBuildPhase section */
		897AEB8C20C858D300D70E55 /* Frameworks */ = {
			isa = PBXFrameworksBuildPhase;
			buildActionMask = 2147483647;
			files = (
			);
			runOnlyForDeploymentPostprocessing = 0;
		};
/* End PBXFrameworksBuildPhase section */

/* Begin PBXGroup section */
		897AEB8620C858D300D70E55 = {
			isa = PBXGroup;
			children = (
				897AEB9120C858D300D70E55 /* Demo-nodeAnimation */,
				897AEB9020C858D300D70E55 /* Products */,
			);
			sourceTree = "<group>";
		};
		897AEB9020C858D300D70E55 /* Products */ = {
			isa = PBXGroup;
			children = (
				897AEB8F20C858D300D70E55 /* Demo-SCNNodeAnimation.app */,
			);
			name = Products;
			sourceTree = "<group>";
		};
		897AEB9120C858D300D70E55 /* Demo-nodeAnimation */ = {
			isa = PBXGroup;
			children = (
				897AEB9220C858D300D70E55 /* AppDelegate.swift */,
				897AEB9420C858D300D70E55 /* art.scnassets */,
				897AEB9620C858D300D70E55 /* ViewController.swift */,
				897AEB9820C858D300D70E55 /* Main.storyboard */,
				897AEB9B20C858D500D70E55 /* Assets.xcassets */,
				897AEB9D20C858D500D70E55 /* LaunchScreen.storyboard */,
				897AEBA020C858D500D70E55 /* Info.plist */,
			);
			name = "Demo-nodeAnimation";
			path = "Demo-SCNNodeAnimation";
			sourceTree = "<group>";
		};
/* End PBXGroup section */

/* Begin PBXNativeTarget section */
		897AEB8E20C858D300D70E55 /* Demo-SCNNodeAnimation */ = {
			isa = PBXNativeTarget;
			buildConfigurationList = 897AEBA320C858D500D70E55 /* Build configuration list for PBXNativeTarget "Demo-SCNNodeAnimation" */;
			buildPhases = (
				897AEB8B20C858D300D70E55 /* Sources */,
				897AEB8C20C858D300D70E55 /* Frameworks */,
				897AEB8D20C858D300D70E55 /* Resources */,
			);
			buildRules = (
			);
			dependencies = (
			);
			name = "Demo-SCNNodeAnimation";
			productName = "Demo-nodeAnimation";
			productReference = 897AEB8F20C858D300D70E55 /* Demo-SCNNodeAnimation.app */;
			productType = "com.apple.product-type.application";
		};
/* End PBXNativeTarget section */

/* Begin PBXProject section */
		897AEB8720C858D300D70E55 /* Project object */ = {
			isa = PBXProject;
			attributes = {
				LastSwiftUpdateCheck = 0940;
				LastUpgradeCheck = 0940;
				ORGANIZATIONNAME = "Kristina Gelzinyte";
				TargetAttributes = {
					897AEB8E20C858D300D70E55 = {
						CreatedOnToolsVersion = 9.4;
					};
				};
			};
			buildConfigurationList = 897AEB8A20C858D300D70E55 /* Build configuration list for PBXProject "Demo-SCNNodeAnimation" */;
			compatibilityVersion = "Xcode 9.3";
			developmentRegion = en;
			hasScannedForEncodings = 0;
			knownRegions = (
				en,
				Base,
			);
			mainGroup = 897AEB8620C858D300D70E55;
			productRefGroup = 897AEB9020C858D300D70E55 /* Products */;
			projectDirPath = "";
			projectRoot = "";
			targets = (
				897AEB8E20C858D300D70E55 /* Demo-SCNNodeAnimation */,
			);
		};
/* End PBXProject section */

/* Begin PBXResourcesBuildPhase section */
		897AEB8D20C858D300D70E55 /* Resources */ = {
			isa = PBXResourcesBuildPhase;
			buildActionMask = 2147483647;
			files = (
				897AEB9520C858D300D70E55 /* art.scnassets in Resources */,
				897AEB9F20C858D500D70E55 /* LaunchScreen.storyboard in Resources */,
				897AEB9C20C858D500D70E55 /* Assets.xcassets in Resources */,
				897AEB9A20C858D300D70E55 /* Main.storyboard in Resources */,
			);
			runOnlyForDeploymentPostprocessing = 0;
		};
/* End PBXResourcesBuildPhase section */

/* Begin PBXSourcesBuildPhase section */
		897AEB8B20C858D300D70E55 /* Sources */ = {
			isa = PBXSourcesBuildPhase;
			buildActionMask = 2147483647;
			files = (
				897AEB9720C858D300D70E55 /* ViewController.swift in Sources */,
				897AEB9320C858D300D70E55 /* AppDelegate.swift in Sources */,
			);
			runOnlyForDeploymentPostprocessing = 0;
		};
/* End PBXSourcesBuildPhase section */

/* Begin PBXVariantGroup section */
		897AEB9820C858D300D70E55 /* Main.storyboard */ = {
			isa = PBXVariantGroup;
			children = (
				897AEB9920C858D300D70E55 /* Base */,
			);
			name = Main.storyboard;
			sourceTree = "<group>";
		};
		897AEB9D20C858D500D70E55 /* LaunchScreen.storyboard */ = {
			isa = PBXVariantGroup;
			children = (
				897AEB9E20C858D500D70E55 /* Base */,
			);
			name = LaunchScreen.storyboard;
			sourceTree = "<group>";
		};
/* End PBXVariantGroup section */

/* Begin XCBuildConfiguration section */
		897AEBA120C858D500D70E55 /* Debug */ = {
			isa = XCBuildConfiguration;
			buildSettings = {
				ALWAYS_SEARCH_USER_PATHS = NO;
				CLANG_ANALYZER_NONNULL = YES;
				CLANG_ANALYZER_NUMBER_OBJECT_CONVERSION = YES_AGGRESSIVE;
				CLANG_CXX_LANGUAGE_STANDARD = "gnu++14";
				CLANG_CXX_LIBRARY = "libc++";
				CLANG_ENABLE_MODULES = YES;
				CLANG_ENABLE_OBJC_ARC = YES;
				CLANG_ENABLE_OBJC_WEAK = YES;
				CLANG_WARN_BLOCK_CAPTURE_AUTORELEASING = YES;
				CLANG_WARN_BOOL_CONVERSION = YES;
				CLANG_WARN_COMMA = YES;
				CLANG_WARN_CONSTANT_CONVERSION = YES;
				CLANG_WARN_DEPRECATED_OBJC_IMPLEMENTATIONS = YES;
				CLANG_WARN_DIRECT_OBJC_ISA_USAGE = YES_ERROR;
				CLANG_WARN_DOCUMENTATION_COMMENTS = YES;
				CLANG_WARN_EMPTY_BODY = YES;
				CLANG_WARN_ENUM_CONVERSION = YES;
				CLANG_WARN_INFINITE_RECURSION = YES;
				CLANG_WARN_INT_CONVERSION = YES;
				CLANG_WARN_NON_LITERAL_NULL_CONVERSION = YES;
				CLANG_WARN_OBJC_IMPLICIT_RETAIN_SELF = YES;
				CLANG_WARN_OBJC_LITERAL_CONVERSION = YES;
				CLANG_WARN_OBJC_ROOT_CLASS = YES_ERROR;
				CLANG_WARN_RANGE_LOOP_ANALYSIS = YES;
				CLANG_WARN_STRICT_PROTOTYPES = YES;
				CLANG_WARN_SUSPICIOUS_MOVE = YES;
				CLANG_WARN_UNGUARDED_AVAILABILITY = YES_AGGRESSIVE;
				CLANG_WARN_UNREACHABLE_CODE = YES;
				CLANG_WARN__DUPLICATE_METHOD_MATCH = YES;
				CODE_SIGN_IDENTITY = "iPhone Developer";
				COPY_PHASE_STRIP = NO;
				DEBUG_INFORMATION_FORMAT = dwarf;
				ENABLE_STRICT_OBJC_MSGSEND = YES;
				ENABLE_TESTABILITY = YES;
				GCC_C_LANGUAGE_STANDARD = gnu11;
				GCC_DYNAMIC_NO_PIC = NO;
				GCC_NO_COMMON_BLOCKS = YES;
				GCC_OPTIMIZATION_LEVEL = 0;
				GCC_PREPROCESSOR_DEFINITIONS = (
					"DEBUG=1",
					"$(inherited)",
				);
				GCC_WARN_64_TO_32_BIT_CONVERSION = YES;
				GCC_WARN_ABOUT_RETURN_TYPE = YES_ERROR;
				GCC_WARN_UNDECLARED_SELECTOR = YES;
				GCC_WARN_UNINITIALIZED_AUTOS = YES_AGGRESSIVE;
				GCC_WARN_UNUSED_FUNCTION = YES;
				GCC_WARN_UNUSED_VARIABLE = YES;
				IPHONEOS_DEPLOYMENT_TARGET = 11.4;
				MTL_ENABLE_DEBUG_INFO = YES;
				ONLY_ACTIVE_ARCH = YES;
				SDKROOT = iphoneos;
				SWIFT_ACTIVE_COMPILATION_CONDITIONS = DEBUG;
				SWIFT_OPTIMIZATION_LEVEL = "-Onone";
			};
			name = Debug;
		};
		897AEBA220C858D500D70E55 /* Release */ = {
			isa = XCBuildConfiguration;
			buildSettings = {
				ALWAYS_SEARCH_USER_PATHS = NO;
				CLANG_ANALYZER_NONNULL = YES;
				CLANG_ANALYZER_NUMBER_OBJECT_CONVERSION = YES_AGGRESSIVE;
				CLANG_CXX_LANGUAGE_STANDARD = "gnu++14";
				CLANG_CXX_LIBRARY = "libc++";
				CLANG_ENABLE_MODULES = YES;
				CLANG_ENABLE_OBJC_ARC = YES;
				CLANG_ENABLE_OBJC_WEAK = YES;
				CLANG_WARN_BLOCK_CAPTURE_AUTORELEASING = YES;
				CLANG_WARN_BOOL_CONVERSION = YES;
				CLANG_WARN_COMMA = YES;
				CLANG_WARN_CONSTANT_CONVERSION = YES;
				CLANG_WARN_DEPRECATED_OBJC_IMPLEMENTATIONS = YES;
				CLANG_WARN_DIRECT_OBJC_ISA_USAGE = YES_ERROR;
				CLANG_WARN_DOCUMENTATION_COMMENTS = YES;
				CLANG_WARN_EMPTY_BODY = YES;
				CLANG_WARN_ENUM_CONVERSION = YES;
				CLANG_WARN_INFINITE_RECURSION = YES;
				CLANG_WARN_INT_CONVERSION = YES;
				CLANG_WARN_NON_LITERAL_NULL_CONVERSION = YES;
				CLANG_WARN_OBJC_IMPLICIT_RETAIN_SELF = YES;
				CLANG_WARN_OBJC_LITERAL_CONVERSION = YES;
				CLANG_WARN_OBJC_ROOT_CLASS = YES_ERROR;
				CLANG_WARN_RANGE_LOOP_ANALYSIS = YES;
				CLANG_WARN_STRICT_PROTOTYPES = YES;
				CLANG_WARN_SUSPICIOUS_MOVE = YES;
				CLANG_WARN_UNGUARDED_AVAILABILITY = YES_AGGRESSIVE;
				CLANG_WARN_UNREACHABLE_CODE = YES;
				CLANG_WARN__DUPLICATE_METHOD_MATCH = YES;
				CODE_SIGN_IDENTITY = "iPhone Developer";
				COPY_PHASE_STRIP = NO;
				DEBUG_INFORMATION_FORMAT = "dwarf-with-dsym";
				ENABLE_NS_ASSERTIONS = NO;
				ENABLE_STRICT_OBJC_MSGSEND = YES;
				GCC_C_LANGUAGE_STANDARD = gnu11;
				GCC_NO_COMMON_BLOCKS = YES;
				GCC_WARN_64_TO_32_BIT_CONVERSION = YES;
				GCC_WARN_ABOUT_RETURN_TYPE = YES_ERROR;
				GCC_WARN_UNDECLARED_SELECTOR = YES;
				GCC_WARN_UNINITIALIZED_AUTOS = YES_AGGRESSIVE;
				GCC_WARN_UNUSED_FUNCTION = YES;
				GCC_WARN_UNUSED_VARIABLE = YES;
				IPHONEOS_DEPLOYMENT_TARGET = 11.4;
				MTL_ENABLE_DEBUG_INFO = NO;
				SDKROOT = iphoneos;
				SWIFT_COMPILATION_MODE = wholemodule;
				SWIFT_OPTIMIZATION_LEVEL = "-O";
				VALIDATE_PRODUCT = YES;
			};
			name = Release;
		};
		897AEBA420C858D500D70E55 /* Debug */ = {
			isa = XCBuildConfiguration;
			buildSettings = {
				ASSETCATALOG_COMPILER_APPICON_NAME = AppIcon;
				CODE_SIGN_STYLE = Automatic;
				DEVELOPMENT_TEAM = PJ8U3CQ43A;
				INFOPLIST_FILE = "Demo-SCNNodeAnimation/Info.plist";
				LD_RUNPATH_SEARCH_PATHS = (
					"$(inherited)",
					"@executable_path/Frameworks",
				);
				PRODUCT_BUNDLE_IDENTIFIER = "KG.Demo-SCNNodeAnimation";
				PRODUCT_NAME = "$(TARGET_NAME)";
				SWIFT_VERSION = 4.0;
				TARGETED_DEVICE_FAMILY = "1,2";
			};
			name = Debug;
		};
		897AEBA520C858D500D70E55 /* Release */ = {
			isa = XCBuildConfiguration;
			buildSettings = {
				ASSETCATALOG_COMPILER_APPICON_NAME = AppIcon;
				CODE_SIGN_STYLE = Automatic;
				DEVELOPMENT_TEAM = PJ8U3CQ43A;
				INFOPLIST_FILE = "Demo-SCNNodeAnimation/Info.plist";
				LD_RUNPATH_SEARCH_PATHS = (
					"$(inherited)",
					"@executable_path/Frameworks",
				);
				PRODUCT_BUNDLE_IDENTIFIER = "KG.Demo-SCNNodeAnimation";
				PRODUCT_NAME = "$(TARGET_NAME)";
				SWIFT_VERSION = 4.0;
				TARGETED_DEVICE_FAMILY = "1,2";
			};
			name = Release;
		};
/* End XCBuildConfiguration section */

/* Begin XCConfigurationList section */
		897AEB8A20C858D300D70E55 /* Build configuration list for PBXProject "Demo-SCNNodeAnimation" */ = {
			isa = XCConfigurationList;
			buildConfigurations = (
				897AEBA120C858D500D70E55 /* Debug */,
				897AEBA220C858D500D70E55 /* Release */,
			);
			defaultConfigurationIsVisible = 0;
			defaultConfigurationName = Release;
		};
		897AEBA320C858D500D70E55 /* Build configuration list for PBXNativeTarget "Demo-SCNNodeAnimation" */ = {
			isa = XCConfigurationList;
			buildConfigurations = (
				897AEBA420C858D500D70E55 /* Debug */,
				897AEBA520C858D500D70E55 /* Release */,
			);
			defaultConfigurationIsVisible = 0;
			defaultConfigurationName = Release;
		};
/* End XCConfigurationList section */
	};
	rootObject = 897AEB8720C858D300D70E55 /* Project object */;
}
