// !$*UTF8*$!
{
	archiveVersion = 1;
	classes = {
	};
	objectVersion = 50;
	objects = {

/* Begin PBXBuildFile section */
		8918EF912268F1450027E85F /* AppDelegate.swift in Sources */ = {isa = PBXBuildFile; fileRef = 8918EF902268F1450027E85F /* AppDelegate.swift */; };
		8918EF932268F1450027E85F /* ViewController.swift in Sources */ = {isa = PBXBuildFile; fileRef = 8918EF922268F1450027E85F /* ViewController.swift */; };
		8918EF952268F1460027E85F /* Assets.xcassets in Resources */ = {isa = PBXBuildFile; fileRef = 8918EF942268F1460027E85F /* Assets.xcassets */; };
		8918EF982268F1460027E85F /* Main.storyboard in Resources */ = {isa = PBXBuildFile; fileRef = 8918EF962268F1460027E85F /* Main.storyboard */; };
		8918EFA32268F89E0027E85F /* star.png in Resources */ = {isa = PBXBuildFile; fileRef = 8918EFA22268F89E0027E85F /* star.png */; };
/* End PBXBuildFile section */

/* Begin PBXFileReference section */
		8918EF8D2268F1440027E85F /* Demo-NSImageView-mask-tiling.app */ = {isa = PBXFileReference; explicitFileType = wrapper.application; includeInIndex = 0; path = "Demo-NSImageView-mask-tiling.app"; sourceTree = BUILT_PRODUCTS_DIR; };
		8918EF902268F1450027E85F /* AppDelegate.swift */ = {isa = PBXFileReference; lastKnownFileType = sourcecode.swift; path = AppDelegate.swift; sourceTree = "<group>"; };
		8918EF922268F1450027E85F /* ViewController.swift */ = {isa = PBXFileReference; lastKnownFileType = sourcecode.swift; path = ViewController.swift; sourceTree = "<group>"; };
		8918EF942268F1460027E85F /* Assets.xcassets */ = {isa = PBXFileReference; lastKnownFileType = folder.assetcatalog; path = Assets.xcassets; sourceTree = "<group>"; };
		8918EF972268F1460027E85F /* Base */ = {isa = PBXFileReference; lastKnownFileType = file.storyboard; name = Base; path = Base.lproj/Main.storyboard; sourceTree = "<group>"; };
		8918EF992268F1460027E85F /* Info.plist */ = {isa = PBXFileReference; lastKnownFileType = text.plist.xml; path = Info.plist; sourceTree = "<group>"; };
		8918EF9A2268F1460027E85F /* Demo_NSImageView_mask_tiling.entitlements */ = {isa = PBXFileReference; lastKnownFileType = text.plist.entitlements; path = Demo_NSImageView_mask_tiling.entitlements; sourceTree = "<group>"; };
		8918EFA22268F89E0027E85F /* star.png */ = {isa = PBXFileReference; lastKnownFileType = image.png; path = star.png; sourceTree = "<group>"; };
/* End PBXFileReference section */

/* Begin PBXFrameworksBuildPhase section */
		8918EF8A2268F1440027E85F /* Frameworks */ = {
			isa = PBXFrameworksBuildPhase;
			buildActionMask = 2147483647;
			files = (
			);
			runOnlyForDeploymentPostprocessing = 0;
		};
/* End PBXFrameworksBuildPhase section */

/* Begin PBXGroup section */
		8918EF842268F1440027E85F = {
			isa = PBXGroup;
			children = (
				8918EF8F2268F1440027E85F /* Demo-NSImageView-mask-tiling */,
				8918EF8E2268F1440027E85F /* Products */,
			);
			sourceTree = "<group>";
		};
		8918EF8E2268F1440027E85F /* Products */ = {
			isa = PBXGroup;
			children = (
				8918EF8D2268F1440027E85F /* Demo-NSImageView-mask-tiling.app */,
			);
			name = Products;
			sourceTree = "<group>";
		};
		8918EF8F2268F1440027E85F /* Demo-NSImageView-mask-tiling */ = {
			isa = PBXGroup;
			children = (
				8918EF902268F1450027E85F /* AppDelegate.swift */,
				8918EF922268F1450027E85F /* ViewController.swift */,
				8918EFA22268F89E0027E85F /* star.png */,
				8918EF942268F1460027E85F /* Assets.xcassets */,
				8918EF962268F1460027E85F /* Main.storyboard */,
				8918EF992268F1460027E85F /* Info.plist */,
				8918EF9A2268F1460027E85F /* Demo_NSImageView_mask_tiling.entitlements */,
			);
			path = "Demo-NSImageView-mask-tiling";
			sourceTree = "<group>";
		};
/* End PBXGroup section */

/* Begin PBXNativeTarget section */
		8918EF8C2268F1440027E85F /* Demo-NSImageView-mask-tiling */ = {
			isa = PBXNativeTarget;
			buildConfigurationList = 8918EF9D2268F1460027E85F /* Build configuration list for PBXNativeTarget "Demo-NSImageView-mask-tiling" */;
			buildPhases = (
				8918EF892268F1440027E85F /* Sources */,
				8918EF8A2268F1440027E85F /* Frameworks */,
				8918EF8B2268F1440027E85F /* Resources */,
			);
			buildRules = (
			);
			dependencies = (
			);
			name = "Demo-NSImageView-mask-tiling";
			productName = "Demo-NSImageView-mask-tiling";
			productReference = 8918EF8D2268F1440027E85F /* Demo-NSImageView-mask-tiling.app */;
			productType = "com.apple.product-type.application";
		};
/* End PBXNativeTarget section */

/* Begin PBXProject section */
		8918EF852268F1440027E85F /* Project object */ = {
			isa = PBXProject;
			attributes = {
				LastSwiftUpdateCheck = 1020;
				LastUpgradeCheck = 1020;
				ORGANIZATIONNAME = "Kristina Gelzinyte";
				TargetAttributes = {
					8918EF8C2268F1440027E85F = {
						CreatedOnToolsVersion = 10.2.1;
					};
				};
			};
			buildConfigurationList = 8918EF882268F1440027E85F /* Build configuration list for PBXProject "Demo-NSImageView-mask-tiling" */;
			compatibilityVersion = "Xcode 9.3";
			developmentRegion = en;
			hasScannedForEncodings = 0;
			knownRegions = (
				en,
				Base,
			);
			mainGroup = 8918EF842268F1440027E85F;
			productRefGroup = 8918EF8E2268F1440027E85F /* Products */;
			projectDirPath = "";
			projectRoot = "";
			targets = (
				8918EF8C2268F1440027E85F /* Demo-NSImageView-mask-tiling */,
			);
		};
/* End PBXProject section */

/* Begin PBXResourcesBuildPhase section */
		8918EF8B2268F1440027E85F /* Resources */ = {
			isa = PBXResourcesBuildPhase;
			buildActionMask = 2147483647;
			files = (
				8918EF952268F1460027E85F /* Assets.xcassets in Resources */,
				8918EF982268F1460027E85F /* Main.storyboard in Resources */,
				8918EFA32268F89E0027E85F /* star.png in Resources */,
			);
			runOnlyForDeploymentPostprocessing = 0;
		};
/* End PBXResourcesBuildPhase section */

/* Begin PBXSourcesBuildPhase section */
		8918EF892268F1440027E85F /* Sources */ = {
			isa = PBXSourcesBuildPhase;
			buildActionMask = 2147483647;
			files = (
				8918EF932268F1450027E85F /* ViewController.swift in Sources */,
				8918EF912268F1450027E85F /* AppDelegate.swift in Sources */,
			);
			runOnlyForDeploymentPostprocessing = 0;
		};
/* End PBXSourcesBuildPhase section */

/* Begin PBXVariantGroup section */
		8918EF962268F1460027E85F /* Main.storyboard */ = {
			isa = PBXVariantGroup;
			children = (
				8918EF972268F1460027E85F /* Base */,
			);
			name = Main.storyboard;
			sourceTree = "<group>";
		};
/* End PBXVariantGroup section */

/* Begin XCBuildConfiguration section */
		8918EF9B2268F1460027E85F /* Debug */ = {
			isa = XCBuildConfiguration;
			buildSettings = {
				ALWAYS_SEARCH_USER_PATHS = NO;
				CLANG_ANALYZER_NONNULL = YES;
				CLANG_ANALYZER_NUMBER_OBJECT_CONVERSION = YES_AGGRESSIVE;
				CLANG_CXX_LANGUAGE_STANDARD = "gnu++14";
				CLANG_CXX_LIBRARY = "libc++";
				CLANG_ENABLE_MODULES = YES;
				CLANG_ENABLE_OBJC_ARC = YES;
				CLANG_ENABLE_OBJC_WEAK = YES;
				CLANG_WARN_BLOCK_CAPTURE_AUTORELEASING = YES;
				CLANG_WARN_BOOL_CONVERSION = YES;
				CLANG_WARN_COMMA = YES;
				CLANG_WARN_CONSTANT_CONVERSION = YES;
				CLANG_WARN_DEPRECATED_OBJC_IMPLEMENTATIONS = YES;
				CLANG_WARN_DIRECT_OBJC_ISA_USAGE = YES_ERROR;
				CLANG_WARN_DOCUMENTATION_COMMENTS = YES;
				CLANG_WARN_EMPTY_BODY = YES;
				CLANG_WARN_ENUM_CONVERSION = YES;
				CLANG_WARN_INFINITE_RECURSION = YES;
				CLANG_WARN_INT_CONVERSION = YES;
				CLANG_WARN_NON_LITERAL_NULL_CONVERSION = YES;
				CLANG_WARN_OBJC_IMPLICIT_RETAIN_SELF = YES;
				CLANG_WARN_OBJC_LITERAL_CONVERSION = YES;
				CLANG_WARN_OBJC_ROOT_CLASS = YES_ERROR;
				CLANG_WARN_RANGE_LOOP_ANALYSIS = YES;
				CLANG_WARN_STRICT_PROTOTYPES = YES;
				CLANG_WARN_SUSPICIOUS_MOVE = YES;
				CLANG_WARN_UNGUARDED_AVAILABILITY = YES_AGGRESSIVE;
				CLANG_WARN_UNREACHABLE_CODE = YES;
				CLANG_WARN__DUPLICATE_METHOD_MATCH = YES;
				CODE_SIGN_IDENTITY = "Mac Developer";
				COPY_PHASE_STRIP = NO;
				DEBUG_INFORMATION_FORMAT = dwarf;
				ENABLE_STRICT_OBJC_MSGSEND = YES;
				ENABLE_TESTABILITY = YES;
				GCC_C_LANGUAGE_STANDARD = gnu11;
				GCC_DYNAMIC_NO_PIC = NO;
				GCC_NO_COMMON_BLOCKS = YES;
				GCC_OPTIMIZATION_LEVEL = 0;
				GCC_PREPROCESSOR_DEFINITIONS = (
					"DEBUG=1",
					"$(inherited)",
				);
				GCC_WARN_64_TO_32_BIT_CONVERSION = YES;
				GCC_WARN_ABOUT_RETURN_TYPE = YES_ERROR;
				GCC_WARN_UNDECLARED_SELECTOR = YES;
				GCC_WARN_UNINITIALIZED_AUTOS = YES_AGGRESSIVE;
				GCC_WARN_UNUSED_FUNCTION = YES;
				GCC_WARN_UNUSED_VARIABLE = YES;
				MACOSX_DEPLOYMENT_TARGET = 10.14;
				MTL_ENABLE_DEBUG_INFO = INCLUDE_SOURCE;
				MTL_FAST_MATH = YES;
				ONLY_ACTIVE_ARCH = YES;
				SDKROOT = macosx;
				SWIFT_ACTIVE_COMPILATION_CONDITIONS = DEBUG;
				SWIFT_OPTIMIZATION_LEVEL = "-Onone";
			};
			name = Debug;
		};
		8918EF9C2268F1460027E85F /* Release */ = {
			isa = XCBuildConfiguration;
			buildSettings = {
				ALWAYS_SEARCH_USER_PATHS = NO;
				CLANG_ANALYZER_NONNULL = YES;
				CLANG_ANALYZER_NUMBER_OBJECT_CONVERSION = YES_AGGRESSIVE;
				CLANG_CXX_LANGUAGE_STANDARD = "gnu++14";
				CLANG_CXX_LIBRARY = "libc++";
				CLANG_ENABLE_MODULES = YES;
				CLANG_ENABLE_OBJC_ARC = YES;
				CLANG_ENABLE_OBJC_WEAK = YES;
				CLANG_WARN_BLOCK_CAPTURE_AUTORELEASING = YES;
				CLANG_WARN_BOOL_CONVERSION = YES;
				CLANG_WARN_COMMA = YES;
				CLANG_WARN_CONSTANT_CONVERSION = YES;
				CLANG_WARN_DEPRECATED_OBJC_IMPLEMENTATIONS = YES;
				CLANG_WARN_DIRECT_OBJC_ISA_USAGE = YES_ERROR;
				CLANG_WARN_DOCUMENTATION_COMMENTS = YES;
				CLANG_WARN_EMPTY_BODY = YES;
				CLANG_WARN_ENUM_CONVERSION = YES;
				CLANG_WARN_INFINITE_RECURSION = YES;
				CLANG_WARN_INT_CONVERSION = YES;
				CLANG_WARN_NON_LITERAL_NULL_CONVERSION = YES;
				CLANG_WARN_OBJC_IMPLICIT_RETAIN_SELF = YES;
				CLANG_WARN_OBJC_LITERAL_CONVERSION = YES;
				CLANG_WARN_OBJC_ROOT_CLASS = YES_ERROR;
				CLANG_WARN_RANGE_LOOP_ANALYSIS = YES;
				CLANG_WARN_STRICT_PROTOTYPES = YES;
				CLANG_WARN_SUSPICIOUS_MOVE = YES;
				CLANG_WARN_UNGUARDED_AVAILABILITY = YES_AGGRESSIVE;
				CLANG_WARN_UNREACHABLE_CODE = YES;
				CLANG_WARN__DUPLICATE_METHOD_MATCH = YES;
				CODE_SIGN_IDENTITY = "Mac Developer";
				COPY_PHASE_STRIP = NO;
				DEBUG_INFORMATION_FORMAT = "dwarf-with-dsym";
				ENABLE_NS_ASSERTIONS = NO;
				ENABLE_STRICT_OBJC_MSGSEND = YES;
				GCC_C_LANGUAGE_STANDARD = gnu11;
				GCC_NO_COMMON_BLOCKS = YES;
				GCC_WARN_64_TO_32_BIT_CONVERSION = YES;
				GCC_WARN_ABOUT_RETURN_TYPE = YES_ERROR;
				GCC_WARN_UNDECLARED_SELECTOR = YES;
				GCC_WARN_UNINITIALIZED_AUTOS = YES_AGGRESSIVE;
				GCC_WARN_UNUSED_FUNCTION = YES;
				GCC_WARN_UNUSED_VARIABLE = YES;
				MACOSX_DEPLOYMENT_TARGET = 10.14;
				MTL_ENABLE_DEBUG_INFO = NO;
				MTL_FAST_MATH = YES;
				SDKROOT = macosx;
				SWIFT_COMPILATION_MODE = wholemodule;
				SWIFT_OPTIMIZATION_LEVEL = "-O";
			};
			name = Release;
		};
		8918EF9E2268F1460027E85F /* Debug */ = {
			isa = XCBuildConfiguration;
			buildSettings = {
				ASSETCATALOG_COMPILER_APPICON_NAME = AppIcon;
				CODE_SIGN_ENTITLEMENTS = "Demo-NSImageView-mask-tiling/Demo_NSImageView_mask_tiling.entitlements";
				CODE_SIGN_STYLE = Automatic;
				COMBINE_HIDPI_IMAGES = YES;
				DEVELOPMENT_TEAM = PJ8U3CQ43A;
				INFOPLIST_FILE = "Demo-NSImageView-mask-tiling/Info.plist";
				LD_RUNPATH_SEARCH_PATHS = (
					"$(inherited)",
					"@executable_path/../Frameworks",
				);
				PRODUCT_BUNDLE_IDENTIFIER = "KG.Demo-NSImageView-mask-tiling";
				PRODUCT_NAME = "$(TARGET_NAME)";
				SWIFT_VERSION = 5.0;
			};
			name = Debug;
		};
		8918EF9F2268F1460027E85F /* Release */ = {
			isa = XCBuildConfiguration;
			buildSettings = {
				ASSETCATALOG_COMPILER_APPICON_NAME = AppIcon;
				CODE_SIGN_ENTITLEMENTS = "Demo-NSImageView-mask-tiling/Demo_NSImageView_mask_tiling.entitlements";
				CODE_SIGN_STYLE = Automatic;
				COMBINE_HIDPI_IMAGES = YES;
				DEVELOPMENT_TEAM = PJ8U3CQ43A;
				INFOPLIST_FILE = "Demo-NSImageView-mask-tiling/Info.plist";
				LD_RUNPATH_SEARCH_PATHS = (
					"$(inherited)",
					"@executable_path/../Frameworks",
				);
				PRODUCT_BUNDLE_IDENTIFIER = "KG.Demo-NSImageView-mask-tiling";
				PRODUCT_NAME = "$(TARGET_NAME)";
				SWIFT_VERSION = 5.0;
			};
			name = Release;
		};
/* End XCBuildConfiguration section */

/* Begin XCConfigurationList section */
		8918EF882268F1440027E85F /* Build configuration list for PBXProject "Demo-NSImageView-mask-tiling" */ = {
			isa = XCConfigurationList;
			buildConfigurations = (
				8918EF9B2268F1460027E85F /* Debug */,
				8918EF9C2268F1460027E85F /* Release */,
			);
			defaultConfigurationIsVisible = 0;
			defaultConfigurationName = Release;
		};
		8918EF9D2268F1460027E85F /* Build configuration list for PBXNativeTarget "Demo-NSImageView-mask-tiling" */ = {
			isa = XCConfigurationList;
			buildConfigurations = (
				8918EF9E2268F1460027E85F /* Debug */,
				8918EF9F2268F1460027E85F /* Release */,
			);
			defaultConfigurationIsVisible = 0;
			defaultConfigurationName = Release;
		};
/* End XCConfigurationList section */
	};
	rootObject = 8918EF852268F1440027E85F /* Project object */;
}
