// !$*UTF8*$!
{
	archiveVersion = 1;
	classes = {
	};
	objectVersion = 50;
	objects = {

/* Begin PBXBuildFile section */
		635A6A40229D16010022888C /* AppDelegate.swift in Sources */ = {isa = PBXBuildFile; fileRef = 635A6A3F229D16010022888C /* AppDelegate.swift */; };
		635A6A42229D16010022888C /* ViewController.swift in Sources */ = {isa = PBXBuildFile; fileRef = 635A6A41229D16010022888C /* ViewController.swift */; };
		635A6A44229D16020022888C /* Assets.xcassets in Resources */ = {isa = PBXBuildFile; fileRef = 635A6A43229D16020022888C /* Assets.xcassets */; };
		635A6A47229D16020022888C /* Main.storyboard in Resources */ = {isa = PBXBuildFile; fileRef = 635A6A45229D16020022888C /* Main.storyboard */; };
/* End PBXBuildFile section */

/* Begin PBXFileReference section */
		635A6A3C229D16010022888C /* Demo-NSImage-Mask-Sliced.app */ = {isa = PBXFileReference; explicitFileType = wrapper.application; includeInIndex = 0; path = "Demo-NSImage-Mask-Sliced.app"; sourceTree = BUILT_PRODUCTS_DIR; };
		635A6A3F229D16010022888C /* AppDelegate.swift */ = {isa = PBXFileReference; lastKnownFileType = sourcecode.swift; path = AppDelegate.swift; sourceTree = "<group>"; };
		635A6A41229D16010022888C /* ViewController.swift */ = {isa = PBXFileReference; lastKnownFileType = sourcecode.swift; path = ViewController.swift; sourceTree = "<group>"; };
		635A6A43229D16020022888C /* Assets.xcassets */ = {isa = PBXFileReference; lastKnownFileType = folder.assetcatalog; path = Assets.xcassets; sourceTree = "<group>"; };
		635A6A46229D16020022888C /* Base */ = {isa = PBXFileReference; lastKnownFileType = file.storyboard; name = Base; path = Base.lproj/Main.storyboard; sourceTree = "<group>"; };
		635A6A48229D16020022888C /* Info.plist */ = {isa = PBXFileReference; lastKnownFileType = text.plist.xml; path = Info.plist; sourceTree = "<group>"; };
		635A6A49229D16020022888C /* Demo_NSImage_Mask_Sliced.entitlements */ = {isa = PBXFileReference; lastKnownFileType = text.plist.entitlements; path = Demo_NSImage_Mask_Sliced.entitlements; sourceTree = "<group>"; };
/* End PBXFileReference section */

/* Begin PBXFrameworksBuildPhase section */
		635A6A39229D16010022888C /* Frameworks */ = {
			isa = PBXFrameworksBuildPhase;
			buildActionMask = 2147483647;
			files = (
			);
			runOnlyForDeploymentPostprocessing = 0;
		};
/* End PBXFrameworksBuildPhase section */

/* Begin PBXGroup section */
		635A6A33229D16010022888C = {
			isa = PBXGroup;
			children = (
				635A6A3E229D16010022888C /* Demo-NSImage-Mask-Sliced */,
				635A6A3D229D16010022888C /* Products */,
			);
			sourceTree = "<group>";
		};
		635A6A3D229D16010022888C /* Products */ = {
			isa = PBXGroup;
			children = (
				635A6A3C229D16010022888C /* Demo-NSImage-Mask-Sliced.app */,
			);
			name = Products;
			sourceTree = "<group>";
		};
		635A6A3E229D16010022888C /* Demo-NSImage-Mask-Sliced */ = {
			isa = PBXGroup;
			children = (
				635A6A41229D16010022888C /* ViewController.swift */,
				635A6A48229D16020022888C /* Info.plist */,
				635A6A49229D16020022888C /* Demo_NSImage_Mask_Sliced.entitlements */,
				635A6A4F229D16280022888C /* Supporting Files */,
			);
			path = "Demo-NSImage-Mask-Sliced";
			sourceTree = "<group>";
		};
		635A6A4F229D16280022888C /* Supporting Files */ = {
			isa = PBXGroup;
			children = (
				635A6A43229D16020022888C /* Assets.xcassets */,
				635A6A3F229D16010022888C /* AppDelegate.swift */,
				635A6A45229D16020022888C /* Main.storyboard */,
			);
			path = "Supporting Files";
			sourceTree = "<group>";
		};
/* End PBXGroup section */

/* Begin PBXNativeTarget section */
		635A6A3B229D16010022888C /* Demo-NSImage-Mask-Sliced */ = {
			isa = PBXNativeTarget;
			buildConfigurationList = 635A6A4C229D16020022888C /* Build configuration list for PBXNativeTarget "Demo-NSImage-Mask-Sliced" */;
			buildPhases = (
				635A6A38229D16010022888C /* Sources */,
				635A6A39229D16010022888C /* Frameworks */,
				635A6A3A229D16010022888C /* Resources */,
			);
			buildRules = (
			);
			dependencies = (
			);
			name = "Demo-NSImage-Mask-Sliced";
			productName = "Demo-NSImage-Mask-Sliced";
			productReference = 635A6A3C229D16010022888C /* Demo-NSImage-Mask-Sliced.app */;
			productType = "com.apple.product-type.application";
		};
/* End PBXNativeTarget section */

/* Begin PBXProject section */
		635A6A34229D16010022888C /* Project object */ = {
			isa = PBXProject;
			attributes = {
				LastSwiftUpdateCheck = 1020;
				LastUpgradeCheck = 1020;
				ORGANIZATIONNAME = "Kristina Gelzinyte";
				TargetAttributes = {
					635A6A3B229D16010022888C = {
						CreatedOnToolsVersion = 10.2.1;
					};
				};
			};
			buildConfigurationList = 635A6A37229D16010022888C /* Build configuration list for PBXProject "Demo-NSImage-Mask-Sliced" */;
			compatibilityVersion = "Xcode 9.3";
			developmentRegion = en;
			hasScannedForEncodings = 0;
			knownRegions = (
				en,
				Base,
			);
			mainGroup = 635A6A33229D16010022888C;
			productRefGroup = 635A6A3D229D16010022888C /* Products */;
			projectDirPath = "";
			projectRoot = "";
			targets = (
				635A6A3B229D16010022888C /* Demo-NSImage-Mask-Sliced */,
			);
		};
/* End PBXProject section */

/* Begin PBXResourcesBuildPhase section */
		635A6A3A229D16010022888C /* Resources */ = {
			isa = PBXResourcesBuildPhase;
			buildActionMask = 2147483647;
			files = (
				635A6A44229D16020022888C /* Assets.xcassets in Resources */,
				635A6A47229D16020022888C /* Main.storyboard in Resources */,
			);
			runOnlyForDeploymentPostprocessing = 0;
		};
/* End PBXResourcesBuildPhase section */

/* Begin PBXSourcesBuildPhase section */
		635A6A38229D16010022888C /* Sources */ = {
			isa = PBXSourcesBuildPhase;
			buildActionMask = 2147483647;
			files = (
				635A6A42229D16010022888C /* ViewController.swift in Sources */,
				635A6A40229D16010022888C /* AppDelegate.swift in Sources */,
			);
			runOnlyForDeploymentPostprocessing = 0;
		};
/* End PBXSourcesBuildPhase section */

/* Begin PBXVariantGroup section */
		635A6A45229D16020022888C /* Main.storyboard */ = {
			isa = PBXVariantGroup;
			children = (
				635A6A46229D16020022888C /* Base */,
			);
			name = Main.storyboard;
			sourceTree = "<group>";
		};
/* End PBXVariantGroup section */

/* Begin XCBuildConfiguration section */
		635A6A4A229D16020022888C /* Debug */ = {
			isa = XCBuildConfiguration;
			buildSettings = {
				ALWAYS_SEARCH_USER_PATHS = NO;
				CLANG_ANALYZER_NONNULL = YES;
				CLANG_ANALYZER_NUMBER_OBJECT_CONVERSION = YES_AGGRESSIVE;
				CLANG_CXX_LANGUAGE_STANDARD = "gnu++14";
				CLANG_CXX_LIBRARY = "libc++";
				CLANG_ENABLE_MODULES = YES;
				CLANG_ENABLE_OBJC_ARC = YES;
				CLANG_ENABLE_OBJC_WEAK = YES;
				CLANG_WARN_BLOCK_CAPTURE_AUTORELEASING = YES;
				CLANG_WARN_BOOL_CONVERSION = YES;
				CLANG_WARN_COMMA = YES;
				CLANG_WARN_CONSTANT_CONVERSION = YES;
				CLANG_WARN_DEPRECATED_OBJC_IMPLEMENTATIONS = YES;
				CLANG_WARN_DIRECT_OBJC_ISA_USAGE = YES_ERROR;
				CLANG_WARN_DOCUMENTATION_COMMENTS = YES;
				CLANG_WARN_EMPTY_BODY = YES;
				CLANG_WARN_ENUM_CONVERSION = YES;
				CLANG_WARN_INFINITE_RECURSION = YES;
				CLANG_WARN_INT_CONVERSION = YES;
				CLANG_WARN_NON_LITERAL_NULL_CONVERSION = YES;
				CLANG_WARN_OBJC_IMPLICIT_RETAIN_SELF = YES;
				CLANG_WARN_OBJC_LITERAL_CONVERSION = YES;
				CLANG_WARN_OBJC_ROOT_CLASS = YES_ERROR;
				CLANG_WARN_RANGE_LOOP_ANALYSIS = YES;
				CLANG_WARN_STRICT_PROTOTYPES = YES;
				CLANG_WARN_SUSPICIOUS_MOVE = YES;
				CLANG_WARN_UNGUARDED_AVAILABILITY = YES_AGGRESSIVE;
				CLANG_WARN_UNREACHABLE_CODE = YES;
				CLANG_WARN__DUPLICATE_METHOD_MATCH = YES;
				CODE_SIGN_IDENTITY = "Mac Developer";
				COPY_PHASE_STRIP = NO;
				DEBUG_INFORMATION_FORMAT = dwarf;
				ENABLE_STRICT_OBJC_MSGSEND = YES;
				ENABLE_TESTABILITY = YES;
				GCC_C_LANGUAGE_STANDARD = gnu11;
				GCC_DYNAMIC_NO_PIC = NO;
				GCC_NO_COMMON_BLOCKS = YES;
				GCC_OPTIMIZATION_LEVEL = 0;
				GCC_PREPROCESSOR_DEFINITIONS = (
					"DEBUG=1",
					"$(inherited)",
				);
				GCC_WARN_64_TO_32_BIT_CONVERSION = YES;
				GCC_WARN_ABOUT_RETURN_TYPE = YES_ERROR;
				GCC_WARN_UNDECLARED_SELECTOR = YES;
				GCC_WARN_UNINITIALIZED_AUTOS = YES_AGGRESSIVE;
				GCC_WARN_UNUSED_FUNCTION = YES;
				GCC_WARN_UNUSED_VARIABLE = YES;
				MACOSX_DEPLOYMENT_TARGET = 10.14;
				MTL_ENABLE_DEBUG_INFO = INCLUDE_SOURCE;
				MTL_FAST_MATH = YES;
				ONLY_ACTIVE_ARCH = YES;
				SDKROOT = macosx;
				SWIFT_ACTIVE_COMPILATION_CONDITIONS = DEBUG;
				SWIFT_OPTIMIZATION_LEVEL = "-Onone";
			};
			name = Debug;
		};
		635A6A4B229D16020022888C /* Release */ = {
			isa = XCBuildConfiguration;
			buildSettings = {
				ALWAYS_SEARCH_USER_PATHS = NO;
				CLANG_ANALYZER_NONNULL = YES;
				CLANG_ANALYZER_NUMBER_OBJECT_CONVERSION = YES_AGGRESSIVE;
				CLANG_CXX_LANGUAGE_STANDARD = "gnu++14";
				CLANG_CXX_LIBRARY = "libc++";
				CLANG_ENABLE_MODULES = YES;
				CLANG_ENABLE_OBJC_ARC = YES;
				CLANG_ENABLE_OBJC_WEAK = YES;
				CLANG_WARN_BLOCK_CAPTURE_AUTORELEASING = YES;
				CLANG_WARN_BOOL_CONVERSION = YES;
				CLANG_WARN_COMMA = YES;
				CLANG_WARN_CONSTANT_CONVERSION = YES;
				CLANG_WARN_DEPRECATED_OBJC_IMPLEMENTATIONS = YES;
				CLANG_WARN_DIRECT_OBJC_ISA_USAGE = YES_ERROR;
				CLANG_WARN_DOCUMENTATION_COMMENTS = YES;
				CLANG_WARN_EMPTY_BODY = YES;
				CLANG_WARN_ENUM_CONVERSION = YES;
				CLANG_WARN_INFINITE_RECURSION = YES;
				CLANG_WARN_INT_CONVERSION = YES;
				CLANG_WARN_NON_LITERAL_NULL_CONVERSION = YES;
				CLANG_WARN_OBJC_IMPLICIT_RETAIN_SELF = YES;
				CLANG_WARN_OBJC_LITERAL_CONVERSION = YES;
				CLANG_WARN_OBJC_ROOT_CLASS = YES_ERROR;
				CLANG_WARN_RANGE_LOOP_ANALYSIS = YES;
				CLANG_WARN_STRICT_PROTOTYPES = YES;
				CLANG_WARN_SUSPICIOUS_MOVE = YES;
				CLANG_WARN_UNGUARDED_AVAILABILITY = YES_AGGRESSIVE;
				CLANG_WARN_UNREACHABLE_CODE = YES;
				CLANG_WARN__DUPLICATE_METHOD_MATCH = YES;
				CODE_SIGN_IDENTITY = "Mac Developer";
				COPY_PHASE_STRIP = NO;
				DEBUG_INFORMATION_FORMAT = "dwarf-with-dsym";
				ENABLE_NS_ASSERTIONS = NO;
				ENABLE_STRICT_OBJC_MSGSEND = YES;
				GCC_C_LANGUAGE_STANDARD = gnu11;
				GCC_NO_COMMON_BLOCKS = YES;
				GCC_WARN_64_TO_32_BIT_CONVERSION = YES;
				GCC_WARN_ABOUT_RETURN_TYPE = YES_ERROR;
				GCC_WARN_UNDECLARED_SELECTOR = YES;
				GCC_WARN_UNINITIALIZED_AUTOS = YES_AGGRESSIVE;
				GCC_WARN_UNUSED_FUNCTION = YES;
				GCC_WARN_UNUSED_VARIABLE = YES;
				MACOSX_DEPLOYMENT_TARGET = 10.14;
				MTL_ENABLE_DEBUG_INFO = NO;
				MTL_FAST_MATH = YES;
				SDKROOT = macosx;
				SWIFT_COMPILATION_MODE = wholemodule;
				SWIFT_OPTIMIZATION_LEVEL = "-O";
			};
			name = Release;
		};
		635A6A4D229D16020022888C /* Debug */ = {
			isa = XCBuildConfiguration;
			buildSettings = {
				ASSETCATALOG_COMPILER_APPICON_NAME = AppIcon;
				CODE_SIGN_ENTITLEMENTS = "Demo-NSImage-Mask-Sliced/Demo_NSImage_Mask_Sliced.entitlements";
				CODE_SIGN_STYLE = Automatic;
				COMBINE_HIDPI_IMAGES = YES;
				DEVELOPMENT_TEAM = PJ8U3CQ43A;
				INFOPLIST_FILE = "Demo-NSImage-Mask-Sliced/Info.plist";
				LD_RUNPATH_SEARCH_PATHS = (
					"$(inherited)",
					"@executable_path/../Frameworks",
				);
				PRODUCT_BUNDLE_IDENTIFIER = "KG.Demo-NSImage-Mask-Sliced";
				PRODUCT_NAME = "$(TARGET_NAME)";
				SWIFT_VERSION = 5.0;
			};
			name = Debug;
		};
		635A6A4E229D16020022888C /* Release */ = {
			isa = XCBuildConfiguration;
			buildSettings = {
				ASSETCATALOG_COMPILER_APPICON_NAME = AppIcon;
				CODE_SIGN_ENTITLEMENTS = "Demo-NSImage-Mask-Sliced/Demo_NSImage_Mask_Sliced.entitlements";
				CODE_SIGN_STYLE = Automatic;
				COMBINE_HIDPI_IMAGES = YES;
				DEVELOPMENT_TEAM = PJ8U3CQ43A;
				INFOPLIST_FILE = "Demo-NSImage-Mask-Sliced/Info.plist";
				LD_RUNPATH_SEARCH_PATHS = (
					"$(inherited)",
					"@executable_path/../Frameworks",
				);
				PRODUCT_BUNDLE_IDENTIFIER = "KG.Demo-NSImage-Mask-Sliced";
				PRODUCT_NAME = "$(TARGET_NAME)";
				SWIFT_VERSION = 5.0;
			};
			name = Release;
		};
/* End XCBuildConfiguration section */

/* Begin XCConfigurationList section */
		635A6A37229D16010022888C /* Build configuration list for PBXProject "Demo-NSImage-Mask-Sliced" */ = {
			isa = XCConfigurationList;
			buildConfigurations = (
				635A6A4A229D16020022888C /* Debug */,
				635A6A4B229D16020022888C /* Release */,
			);
			defaultConfigurationIsVisible = 0;
			defaultConfigurationName = Release;
		};
		635A6A4C229D16020022888C /* Build configuration list for PBXNativeTarget "Demo-NSImage-Mask-Sliced" */ = {
			isa = XCConfigurationList;
			buildConfigurations = (
				635A6A4D229D16020022888C /* Debug */,
				635A6A4E229D16020022888C /* Release */,
			);
			defaultConfigurationIsVisible = 0;
			defaultConfigurationName = Release;
		};
/* End XCConfigurationList section */
	};
	rootObject = 635A6A34229D16010022888C /* Project object */;
}
